
Microsoft Visual Studio Solution File, Format Version 12.00
# Visual Studio Version 17
VisualStudioVersion = 17.14.36203.30
MinimumVisualStudioVersion = 10.0.40219.1
Project("{FAE04EC0-301F-11D3-BF4B-00C04F79EFBC}") = "DnDBot.Bot", "DnDBot.Bot\DnDBot.Bot.csproj", "{90181F20-FA81-879D-02AF-E73B5C8EE832}"
EndProject
Project("{2150E333-8FDC-42A3-9474-1A3956D46DE8}") = "Itens de Solução", "Itens de Solução", "{380A7511-A354-6D7A-0CC0-8FA1F1BA7B6C}"
	ProjectSection(SolutionItems) = preProject
		.gitignore = .gitignore
		CHANGELOG.md = CHANGELOG.md
		git-update.ps1 = git-update.ps1
		README.md = README.md
		render.yaml = render.yaml
		teste.cs = teste.cs
		TODO.md = TODO.md
	EndProjectSection
EndProject
Global
	GlobalSection(SolutionConfigurationPlatforms) = preSolution
		Debug|Any CPU = Debug|Any CPU
		Release|Any CPU = Release|Any CPU
	EndGlobalSection
	GlobalSection(ProjectConfigurationPlatforms) = postSolution
		{90181F20-FA81-879D-02AF-E73B5C8EE832}.Debug|Any CPU.ActiveCfg = Debug|Any CPU
		{90181F20-FA81-879D-02AF-E73B5C8EE832}.Debug|Any CPU.Build.0 = Debug|Any CPU
		{90181F20-FA81-879D-02AF-E73B5C8EE832}.Release|Any CPU.ActiveCfg = Release|Any CPU
		{90181F20-FA81-879D-02AF-E73B5C8EE832}.Release|Any CPU.Build.0 = Release|Any CPU
	EndGlobalSection
	GlobalSection(SolutionProperties) = preSolution
		HideSolutionNode = FALSE
	EndGlobalSection
	GlobalSection(ExtensibilityGlobals) = postSolution
		SolutionGuid = {2B3B6C8B-AD51-4BC8-9A28-9C8B068D5985}
	EndGlobalSection
EndGlobal
